// !$*UTF8*$!
{
	archiveVersion = 1;
	classes = {
	};
	objectVersion = 56;
	objects = {

/* Begin PBXBuildFile section */
		566A1C302C2457B0003ED11B /* OnboardingAezakmiApp.swift in Sources */ = {isa = PBXBuildFile; fileRef = 566A1C2F2C2457B0003ED11B /* OnboardingAezakmiApp.swift */; };
		566A1C322C2457B0003ED11B /* OnboardingView1.swift in Sources */ = {isa = PBXBuildFile; fileRef = 566A1C312C2457B0003ED11B /* OnboardingView1.swift */; };
		566A1C342C2457B1003ED11B /* Assets.xcassets in Resources */ = {isa = PBXBuildFile; fileRef = 566A1C332C2457B1003ED11B /* Assets.xcassets */; };
		566A1C372C2457B1003ED11B /* Preview Assets.xcassets in Resources */ = {isa = PBXBuildFile; fileRef = 566A1C362C2457B1003ED11B /* Preview Assets.xcassets */; };
		566A1C442C245876003ED11B /* OnboardingViewModel.swift in Sources */ = {isa = PBXBuildFile; fileRef = 566A1C432C245876003ED11B /* OnboardingViewModel.swift */; };
		566A1C482C2458B1003ED11B /* CustomNavigationButton.swift in Sources */ = {isa = PBXBuildFile; fileRef = 566A1C472C2458B1003ED11B /* CustomNavigationButton.swift */; };
		566A1C4D2C245B1B003ED11B /* Localizable.xcstrings in Resources */ = {isa = PBXBuildFile; fileRef = 566A1C4C2C245B1B003ED11B /* Localizable.xcstrings */; };
		566A1C4F2C2472EC003ED11B /* DotView.swift in Sources */ = {isa = PBXBuildFile; fileRef = 566A1C4E2C2472EC003ED11B /* DotView.swift */; };
		566A1C5A2C247F58003ED11B /* WebView.swift in Sources */ = {isa = PBXBuildFile; fileRef = 566A1C592C247F58003ED11B /* WebView.swift */; };
		566A1C5D2C2480E2003ED11B /* ApphudSDK in Frameworks */ = {isa = PBXBuildFile; productRef = 566A1C5C2C2480E2003ED11B /* ApphudSDK */; };
		566A1C5F2C2488C1003ED11B /* TempContentView.swift in Sources */ = {isa = PBXBuildFile; fileRef = 566A1C5E2C2488C1003ED11B /* TempContentView.swift */; };
		566A1C612C249B44003ED11B /* OnboardingView2.swift in Sources */ = {isa = PBXBuildFile; fileRef = 566A1C602C249B44003ED11B /* OnboardingView2.swift */; };
		566A1C632C24ACE0003ED11B /* MainView.swift in Sources */ = {isa = PBXBuildFile; fileRef = 566A1C622C24ACE0003ED11B /* MainView.swift */; };
		566A1C652C24B0CE003ED11B /* OnboardingState.swift in Sources */ = {isa = PBXBuildFile; fileRef = 566A1C642C24B0CE003ED11B /* OnboardingState.swift */; };
		93A88A87519D8EC00A68B205 /* Pods_OnboardingAezakmi.framework in Frameworks */ = {isa = PBXBuildFile; fileRef = 219BE25467EB6A00F5335D5A /* Pods_OnboardingAezakmi.framework */; };
/* End PBXBuildFile section */

/* Begin PBXFileReference section */
		219BE25467EB6A00F5335D5A /* Pods_OnboardingAezakmi.framework */ = {isa = PBXFileReference; explicitFileType = wrapper.framework; includeInIndex = 0; path = Pods_OnboardingAezakmi.framework; sourceTree = BUILT_PRODUCTS_DIR; };
		566A1C2C2C2457B0003ED11B /* OnboardingAezakmi.app */ = {isa = PBXFileReference; explicitFileType = wrapper.application; includeInIndex = 0; path = OnboardingAezakmi.app; sourceTree = BUILT_PRODUCTS_DIR; };
		566A1C2F2C2457B0003ED11B /* OnboardingAezakmiApp.swift */ = {isa = PBXFileReference; lastKnownFileType = sourcecode.swift; path = OnboardingAezakmiApp.swift; sourceTree = "<group>"; };
		566A1C312C2457B0003ED11B /* OnboardingView1.swift */ = {isa = PBXFileReference; lastKnownFileType = sourcecode.swift; path = OnboardingView1.swift; sourceTree = "<group>"; };
		566A1C332C2457B1003ED11B /* Assets.xcassets */ = {isa = PBXFileReference; lastKnownFileType = folder.assetcatalog; path = Assets.xcassets; sourceTree = "<group>"; };
		566A1C362C2457B1003ED11B /* Preview Assets.xcassets */ = {isa = PBXFileReference; lastKnownFileType = folder.assetcatalog; path = "Preview Assets.xcassets"; sourceTree = "<group>"; };
		566A1C432C245876003ED11B /* OnboardingViewModel.swift */ = {isa = PBXFileReference; lastKnownFileType = sourcecode.swift; path = OnboardingViewModel.swift; sourceTree = "<group>"; };
		566A1C472C2458B1003ED11B /* CustomNavigationButton.swift */ = {isa = PBXFileReference; lastKnownFileType = sourcecode.swift; path = CustomNavigationButton.swift; sourceTree = "<group>"; };
		566A1C4C2C245B1B003ED11B /* Localizable.xcstrings */ = {isa = PBXFileReference; lastKnownFileType = text.json.xcstrings; path = Localizable.xcstrings; sourceTree = "<group>"; };
		566A1C4E2C2472EC003ED11B /* DotView.swift */ = {isa = PBXFileReference; lastKnownFileType = sourcecode.swift; path = DotView.swift; sourceTree = "<group>"; };
		566A1C592C247F58003ED11B /* WebView.swift */ = {isa = PBXFileReference; lastKnownFileType = sourcecode.swift; path = WebView.swift; sourceTree = "<group>"; };
		566A1C5E2C2488C1003ED11B /* TempContentView.swift */ = {isa = PBXFileReference; lastKnownFileType = sourcecode.swift; path = TempContentView.swift; sourceTree = "<group>"; };
		566A1C602C249B44003ED11B /* OnboardingView2.swift */ = {isa = PBXFileReference; lastKnownFileType = sourcecode.swift; path = OnboardingView2.swift; sourceTree = "<group>"; };
		566A1C622C24ACE0003ED11B /* MainView.swift */ = {isa = PBXFileReference; lastKnownFileType = sourcecode.swift; path = MainView.swift; sourceTree = "<group>"; };
		566A1C642C24B0CE003ED11B /* OnboardingState.swift */ = {isa = PBXFileReference; lastKnownFileType = sourcecode.swift; path = OnboardingState.swift; sourceTree = "<group>"; };
		86A268C0E4FA8161933510B5 /* Pods-OnboardingAezakmi.debug.xcconfig */ = {isa = PBXFileReference; includeInIndex = 1; lastKnownFileType = text.xcconfig; name = "Pods-OnboardingAezakmi.debug.xcconfig"; path = "Target Support Files/Pods-OnboardingAezakmi/Pods-OnboardingAezakmi.debug.xcconfig"; sourceTree = "<group>"; };
		D51AECB80E780E13010F1FFF /* Pods-OnboardingAezakmi.release.xcconfig */ = {isa = PBXFileReference; includeInIndex = 1; lastKnownFileType = text.xcconfig; name = "Pods-OnboardingAezakmi.release.xcconfig"; path = "Target Support Files/Pods-OnboardingAezakmi/Pods-OnboardingAezakmi.release.xcconfig"; sourceTree = "<group>"; };
/* End PBXFileReference section */

/* Begin PBXFrameworksBuildPhase section */
		566A1C292C2457B0003ED11B /* Frameworks */ = {
			isa = PBXFrameworksBuildPhase;
			buildActionMask = 2147483647;
			files = (
				93A88A87519D8EC00A68B205 /* Pods_OnboardingAezakmi.framework in Frameworks */,
				566A1C5D2C2480E2003ED11B /* ApphudSDK in Frameworks */,
			);
			runOnlyForDeploymentPostprocessing = 0;
		};
/* End PBXFrameworksBuildPhase section */

/* Begin PBXGroup section */
		566A1C232C2457AF003ED11B = {
			isa = PBXGroup;
			children = (
				566A1C2E2C2457B0003ED11B /* OnboardingAezakmi */,
				566A1C2D2C2457B0003ED11B /* Products */,
				F852F0AF5473C4F4C98E5FB0 /* Pods */,
				6ACD25B651B670B19EB2BD35 /* Frameworks */,
			);
			sourceTree = "<group>";
		};
		566A1C2D2C2457B0003ED11B /* Products */ = {
			isa = PBXGroup;
			children = (
				566A1C2C2C2457B0003ED11B /* OnboardingAezakmi.app */,
			);
			name = Products;
			sourceTree = "<group>";
		};
		566A1C2E2C2457B0003ED11B /* OnboardingAezakmi */ = {
			isa = PBXGroup;
			children = (
				566A1C402C245802003ED11B /* App */,
				566A1C3E2C2457C6003ED11B /* Utilities */,
				566A1C3D2C2457B6003ED11B /* Views */,
				566A1C422C245847003ED11B /* ViewModels */,
				566A1C332C2457B1003ED11B /* Assets.xcassets */,
				566A1C352C2457B1003ED11B /* Preview Content */,
				566A1C4C2C245B1B003ED11B /* Localizable.xcstrings */,
			);
			path = OnboardingAezakmi;
			sourceTree = "<group>";
		};
		566A1C352C2457B1003ED11B /* Preview Content */ = {
			isa = PBXGroup;
			children = (
				566A1C362C2457B1003ED11B /* Preview Assets.xcassets */,
			);
			path = "Preview Content";
			sourceTree = "<group>";
		};
		566A1C3D2C2457B6003ED11B /* Views */ = {
			isa = PBXGroup;
			children = (
				566A1C412C245812003ED11B /* Supporting Views */,
				566A1C312C2457B0003ED11B /* OnboardingView1.swift */,
				566A1C5E2C2488C1003ED11B /* TempContentView.swift */,
				566A1C602C249B44003ED11B /* OnboardingView2.swift */,
				566A1C622C24ACE0003ED11B /* MainView.swift */,
			);
			path = Views;
			sourceTree = "<group>";
		};
		566A1C3E2C2457C6003ED11B /* Utilities */ = {
			isa = PBXGroup;
			children = (
			);
			path = Utilities;
			sourceTree = "<group>";
		};
		566A1C402C245802003ED11B /* App */ = {
			isa = PBXGroup;
			children = (
				566A1C2F2C2457B0003ED11B /* OnboardingAezakmiApp.swift */,
			);
			path = App;
			sourceTree = "<group>";
		};
		566A1C412C245812003ED11B /* Supporting Views */ = {
			isa = PBXGroup;
			children = (
				566A1C472C2458B1003ED11B /* CustomNavigationButton.swift */,
				566A1C4E2C2472EC003ED11B /* DotView.swift */,
				566A1C592C247F58003ED11B /* WebView.swift */,
				566A1C642C24B0CE003ED11B /* OnboardingState.swift */,
			);
			path = "Supporting Views";
			sourceTree = "<group>";
		};
		566A1C422C245847003ED11B /* ViewModels */ = {
			isa = PBXGroup;
			children = (
				566A1C432C245876003ED11B /* OnboardingViewModel.swift */,
			);
			path = ViewModels;
			sourceTree = "<group>";
		};
		6ACD25B651B670B19EB2BD35 /* Frameworks */ = {
			isa = PBXGroup;
			children = (
				219BE25467EB6A00F5335D5A /* Pods_OnboardingAezakmi.framework */,
			);
			name = Frameworks;
			sourceTree = "<group>";
		};
		F852F0AF5473C4F4C98E5FB0 /* Pods */ = {
			isa = PBXGroup;
			children = (
				86A268C0E4FA8161933510B5 /* Pods-OnboardingAezakmi.debug.xcconfig */,
				D51AECB80E780E13010F1FFF /* Pods-OnboardingAezakmi.release.xcconfig */,
			);
			path = Pods;
			sourceTree = "<group>";
		};
/* End PBXGroup section */

/* Begin PBXNativeTarget section */
		566A1C2B2C2457B0003ED11B /* OnboardingAezakmi */ = {
			isa = PBXNativeTarget;
			buildConfigurationList = 566A1C3A2C2457B1003ED11B /* Build configuration list for PBXNativeTarget "OnboardingAezakmi" */;
			buildPhases = (
				0084C6F450CE3736EE791A60 /* [CP] Check Pods Manifest.lock */,
				566A1C282C2457B0003ED11B /* Sources */,
				566A1C292C2457B0003ED11B /* Frameworks */,
				566A1C2A2C2457B0003ED11B /* Resources */,
			);
			buildRules = (
			);
			dependencies = (
			);
			name = OnboardingAezakmi;
			packageProductDependencies = (
				566A1C5C2C2480E2003ED11B /* ApphudSDK */,
			);
			productName = OnboardingAezakmi;
			productReference = 566A1C2C2C2457B0003ED11B /* OnboardingAezakmi.app */;
			productType = "com.apple.product-type.application";
		};
/* End PBXNativeTarget section */

/* Begin PBXProject section */
		566A1C242C2457AF003ED11B /* Project object */ = {
			isa = PBXProject;
			attributes = {
				BuildIndependentTargetsInParallel = 1;
				LastSwiftUpdateCheck = 1530;
				LastUpgradeCheck = 1530;
				TargetAttributes = {
					566A1C2B2C2457B0003ED11B = {
						CreatedOnToolsVersion = 15.3;
					};
				};
			};
			buildConfigurationList = 566A1C272C2457AF003ED11B /* Build configuration list for PBXProject "OnboardingAezakmi" */;
			compatibilityVersion = "Xcode 14.0";
			developmentRegion = en;
			hasScannedForEncodings = 0;
			knownRegions = (
				en,
				Base,
				ru,
			);
			mainGroup = 566A1C232C2457AF003ED11B;
			packageReferences = (
				566A1C5B2C2480E2003ED11B /* XCRemoteSwiftPackageReference "ApphudSDK" */,
			);
			productRefGroup = 566A1C2D2C2457B0003ED11B /* Products */;
			projectDirPath = "";
			projectRoot = "";
			targets = (
				566A1C2B2C2457B0003ED11B /* OnboardingAezakmi */,
			);
		};
/* End PBXProject section */

/* Begin PBXResourcesBuildPhase section */
		566A1C2A2C2457B0003ED11B /* Resources */ = {
			isa = PBXResourcesBuildPhase;
			buildActionMask = 2147483647;
			files = (
				566A1C372C2457B1003ED11B /* Preview Assets.xcassets in Resources */,
				566A1C342C2457B1003ED11B /* Assets.xcassets in Resources */,
				566A1C4D2C245B1B003ED11B /* Localizable.xcstrings in Resources */,
			);
			runOnlyForDeploymentPostprocessing = 0;
		};
/* End PBXResourcesBuildPhase section */

/* Begin PBXShellScriptBuildPhase section */
		0084C6F450CE3736EE791A60 /* [CP] Check Pods Manifest.lock */ = {
			isa = PBXShellScriptBuildPhase;
			buildActionMask = 2147483647;
			files = (
			);
			inputFileListPaths = (
			);
			inputPaths = (
				"${PODS_PODFILE_DIR_PATH}/Podfile.lock",
				"${PODS_ROOT}/Manifest.lock",
			);
			name = "[CP] Check Pods Manifest.lock";
			outputFileListPaths = (
			);
			outputPaths = (
				"$(DERIVED_FILE_DIR)/Pods-OnboardingAezakmi-checkManifestLockResult.txt",
			);
			runOnlyForDeploymentPostprocessing = 0;
			shellPath = /bin/sh;
			shellScript = "diff \"${PODS_PODFILE_DIR_PATH}/Podfile.lock\" \"${PODS_ROOT}/Manifest.lock\" > /dev/null\nif [ $? != 0 ] ; then\n    # print error to STDERR\n    echo \"error: The sandbox is not in sync with the Podfile.lock. Run 'pod install' or update your CocoaPods installation.\" >&2\n    exit 1\nfi\n# This output is used by Xcode 'outputs' to avoid re-running this script phase.\necho \"SUCCESS\" > \"${SCRIPT_OUTPUT_FILE_0}\"\n";
			showEnvVarsInLog = 0;
		};
/* End PBXShellScriptBuildPhase section */

/* Begin PBXSourcesBuildPhase section */
		566A1C282C2457B0003ED11B /* Sources */ = {
			isa = PBXSourcesBuildPhase;
			buildActionMask = 2147483647;
			files = (
				566A1C612C249B44003ED11B /* OnboardingView2.swift in Sources */,
				566A1C632C24ACE0003ED11B /* MainView.swift in Sources */,
				566A1C652C24B0CE003ED11B /* OnboardingState.swift in Sources */,
				566A1C5A2C247F58003ED11B /* WebView.swift in Sources */,
				566A1C5F2C2488C1003ED11B /* TempContentView.swift in Sources */,
				566A1C322C2457B0003ED11B /* OnboardingView1.swift in Sources */,
				566A1C442C245876003ED11B /* OnboardingViewModel.swift in Sources */,
				566A1C482C2458B1003ED11B /* CustomNavigationButton.swift in Sources */,
				566A1C302C2457B0003ED11B /* OnboardingAezakmiApp.swift in Sources */,
				566A1C4F2C2472EC003ED11B /* DotView.swift in Sources */,
			);
			runOnlyForDeploymentPostprocessing = 0;
		};
/* End PBXSourcesBuildPhase section */

/* Begin XCBuildConfiguration section */
		566A1C382C2457B1003ED11B /* Debug */ = {
			isa = XCBuildConfiguration;
			buildSettings = {
				ALWAYS_SEARCH_USER_PATHS = NO;
				ASSETCATALOG_COMPILER_GENERATE_SWIFT_ASSET_SYMBOL_EXTENSIONS = YES;
				CLANG_ANALYZER_NONNULL = YES;
				CLANG_ANALYZER_NUMBER_OBJECT_CONVERSION = YES_AGGRESSIVE;
				CLANG_CXX_LANGUAGE_STANDARD = "gnu++20";
				CLANG_ENABLE_MODULES = YES;
				CLANG_ENABLE_OBJC_ARC = YES;
				CLANG_ENABLE_OBJC_WEAK = YES;
				CLANG_WARN_BLOCK_CAPTURE_AUTORELEASING = YES;
				CLANG_WARN_BOOL_CONVERSION = YES;
				CLANG_WARN_COMMA = YES;
				CLANG_WARN_CONSTANT_CONVERSION = YES;
				CLANG_WARN_DEPRECATED_OBJC_IMPLEMENTATIONS = YES;
				CLANG_WARN_DIRECT_OBJC_ISA_USAGE = YES_ERROR;
				CLANG_WARN_DOCUMENTATION_COMMENTS = YES;
				CLANG_WARN_EMPTY_BODY = YES;
				CLANG_WARN_ENUM_CONVERSION = YES;
				CLANG_WARN_INFINITE_RECURSION = YES;
				CLANG_WARN_INT_CONVERSION = YES;
				CLANG_WARN_NON_LITERAL_NULL_CONVERSION = YES;
				CLANG_WARN_OBJC_IMPLICIT_RETAIN_SELF = YES;
				CLANG_WARN_OBJC_LITERAL_CONVERSION = YES;
				CLANG_WARN_OBJC_ROOT_CLASS = YES_ERROR;
				CLANG_WARN_QUOTED_INCLUDE_IN_FRAMEWORK_HEADER = YES;
				CLANG_WARN_RANGE_LOOP_ANALYSIS = YES;
				CLANG_WARN_STRICT_PROTOTYPES = YES;
				CLANG_WARN_SUSPICIOUS_MOVE = YES;
				CLANG_WARN_UNGUARDED_AVAILABILITY = YES_AGGRESSIVE;
				CLANG_WARN_UNREACHABLE_CODE = YES;
				CLANG_WARN__DUPLICATE_METHOD_MATCH = YES;
				COPY_PHASE_STRIP = NO;
				DEBUG_INFORMATION_FORMAT = dwarf;
				ENABLE_STRICT_OBJC_MSGSEND = YES;
				ENABLE_TESTABILITY = YES;
				ENABLE_USER_SCRIPT_SANDBOXING = YES;
				GCC_C_LANGUAGE_STANDARD = gnu17;
				GCC_DYNAMIC_NO_PIC = NO;
				GCC_NO_COMMON_BLOCKS = YES;
				GCC_OPTIMIZATION_LEVEL = 0;
				GCC_PREPROCESSOR_DEFINITIONS = (
					"DEBUG=1",
					"$(inherited)",
				);
				GCC_WARN_64_TO_32_BIT_CONVERSION = YES;
				GCC_WARN_ABOUT_RETURN_TYPE = YES_ERROR;
				GCC_WARN_UNDECLARED_SELECTOR = YES;
				GCC_WARN_UNINITIALIZED_AUTOS = YES_AGGRESSIVE;
				GCC_WARN_UNUSED_FUNCTION = YES;
				GCC_WARN_UNUSED_VARIABLE = YES;
				IPHONEOS_DEPLOYMENT_TARGET = 17.4;
				LOCALIZATION_PREFERS_STRING_CATALOGS = YES;
				MTL_ENABLE_DEBUG_INFO = INCLUDE_SOURCE;
				MTL_FAST_MATH = YES;
				ONLY_ACTIVE_ARCH = YES;
				SDKROOT = iphoneos;
				SWIFT_ACTIVE_COMPILATION_CONDITIONS = "DEBUG $(inherited)";
				SWIFT_OPTIMIZATION_LEVEL = "-Onone";
			};
			name = Debug;
		};
		566A1C392C2457B1003ED11B /* Release */ = {
			isa = XCBuildConfiguration;
			buildSettings = {
				ALWAYS_SEARCH_USER_PATHS = NO;
				ASSETCATALOG_COMPILER_GENERATE_SWIFT_ASSET_SYMBOL_EXTENSIONS = YES;
				CLANG_ANALYZER_NONNULL = YES;
				CLANG_ANALYZER_NUMBER_OBJECT_CONVERSION = YES_AGGRESSIVE;
				CLANG_CXX_LANGUAGE_STANDARD = "gnu++20";
				CLANG_ENABLE_MODULES = YES;
				CLANG_ENABLE_OBJC_ARC = YES;
				CLANG_ENABLE_OBJC_WEAK = YES;
				CLANG_WARN_BLOCK_CAPTURE_AUTORELEASING = YES;
				CLANG_WARN_BOOL_CONVERSION = YES;
				CLANG_WARN_COMMA = YES;
				CLANG_WARN_CONSTANT_CONVERSION = YES;
				CLANG_WARN_DEPRECATED_OBJC_IMPLEMENTATIONS = YES;
				CLANG_WARN_DIRECT_OBJC_ISA_USAGE = YES_ERROR;
				CLANG_WARN_DOCUMENTATION_COMMENTS = YES;
				CLANG_WARN_EMPTY_BODY = YES;
				CLANG_WARN_ENUM_CONVERSION = YES;
				CLANG_WARN_INFINITE_RECURSION = YES;
				CLANG_WARN_INT_CONVERSION = YES;
				CLANG_WARN_NON_LITERAL_NULL_CONVERSION = YES;
				CLANG_WARN_OBJC_IMPLICIT_RETAIN_SELF = YES;
				CLANG_WARN_OBJC_LITERAL_CONVERSION = YES;
				CLANG_WARN_OBJC_ROOT_CLASS = YES_ERROR;
				CLANG_WARN_QUOTED_INCLUDE_IN_FRAMEWORK_HEADER = YES;
				CLANG_WARN_RANGE_LOOP_ANALYSIS = YES;
				CLANG_WARN_STRICT_PROTOTYPES = YES;
				CLANG_WARN_SUSPICIOUS_MOVE = YES;
				CLANG_WARN_UNGUARDED_AVAILABILITY = YES_AGGRESSIVE;
				CLANG_WARN_UNREACHABLE_CODE = YES;
				CLANG_WARN__DUPLICATE_METHOD_MATCH = YES;
				COPY_PHASE_STRIP = NO;
				DEBUG_INFORMATION_FORMAT = "dwarf-with-dsym";
				ENABLE_NS_ASSERTIONS = NO;
				ENABLE_STRICT_OBJC_MSGSEND = YES;
				ENABLE_USER_SCRIPT_SANDBOXING = YES;
				GCC_C_LANGUAGE_STANDARD = gnu17;
				GCC_NO_COMMON_BLOCKS = YES;
				GCC_WARN_64_TO_32_BIT_CONVERSION = YES;
				GCC_WARN_ABOUT_RETURN_TYPE = YES_ERROR;
				GCC_WARN_UNDECLARED_SELECTOR = YES;
				GCC_WARN_UNINITIALIZED_AUTOS = YES_AGGRESSIVE;
				GCC_WARN_UNUSED_FUNCTION = YES;
				GCC_WARN_UNUSED_VARIABLE = YES;
				IPHONEOS_DEPLOYMENT_TARGET = 17.4;
				LOCALIZATION_PREFERS_STRING_CATALOGS = YES;
				MTL_ENABLE_DEBUG_INFO = NO;
				MTL_FAST_MATH = YES;
				SDKROOT = iphoneos;
				SWIFT_COMPILATION_MODE = wholemodule;
				VALIDATE_PRODUCT = YES;
			};
			name = Release;
		};
		566A1C3B2C2457B1003ED11B /* Debug */ = {
			isa = XCBuildConfiguration;
			baseConfigurationReference = 86A268C0E4FA8161933510B5 /* Pods-OnboardingAezakmi.debug.xcconfig */;
			buildSettings = {
				ASSETCATALOG_COMPILER_APPICON_NAME = AppIcon;
				ASSETCATALOG_COMPILER_GLOBAL_ACCENT_COLOR_NAME = AccentColor;
				CODE_SIGN_STYLE = Automatic;
				CURRENT_PROJECT_VERSION = 1;
				DEVELOPMENT_ASSET_PATHS = "\"OnboardingAezakmi/Preview Content\"";
				DEVELOPMENT_TEAM = D3C4YVDR4G;
				ENABLE_PREVIEWS = YES;
				GENERATE_INFOPLIST_FILE = YES;
				INFOPLIST_KEY_UIApplicationSceneManifest_Generation = YES;
				INFOPLIST_KEY_UIApplicationSupportsIndirectInputEvents = YES;
				INFOPLIST_KEY_UILaunchScreen_Generation = YES;
				INFOPLIST_KEY_UISupportedInterfaceOrientations_iPad = "UIInterfaceOrientationPortrait UIInterfaceOrientationPortraitUpsideDown UIInterfaceOrientationLandscapeLeft UIInterfaceOrientationLandscapeRight";
				INFOPLIST_KEY_UISupportedInterfaceOrientations_iPhone = "UIInterfaceOrientationPortrait UIInterfaceOrientationLandscapeLeft UIInterfaceOrientationLandscapeRight";
				LD_RUNPATH_SEARCH_PATHS = (
					"$(inherited)",
					"@executable_path/Frameworks",
				);
				MARKETING_VERSION = 1.0;
				PRODUCT_BUNDLE_IDENTIFIER = magzhanzhumaly.OnboardingAezakmi;
				PRODUCT_NAME = "$(TARGET_NAME)";
				SWIFT_EMIT_LOC_STRINGS = YES;
				SWIFT_VERSION = 5.0;
				TARGETED_DEVICE_FAMILY = "1,2";
			};
			name = Debug;
		};
		566A1C3C2C2457B1003ED11B /* Release */ = {
			isa = XCBuildConfiguration;
			baseConfigurationReference = D51AECB80E780E13010F1FFF /* Pods-OnboardingAezakmi.release.xcconfig */;
			buildSettings = {
				ASSETCATALOG_COMPILER_APPICON_NAME = AppIcon;
				ASSETCATALOG_COMPILER_GLOBAL_ACCENT_COLOR_NAME = AccentColor;
				CODE_SIGN_STYLE = Automatic;
				CURRENT_PROJECT_VERSION = 1;
				DEVELOPMENT_ASSET_PATHS = "\"OnboardingAezakmi/Preview Content\"";
				DEVELOPMENT_TEAM = D3C4YVDR4G;
				ENABLE_PREVIEWS = YES;
				GENERATE_INFOPLIST_FILE = YES;
				INFOPLIST_KEY_UIApplicationSceneManifest_Generation = YES;
				INFOPLIST_KEY_UIApplicationSupportsIndirectInputEvents = YES;
				INFOPLIST_KEY_UILaunchScreen_Generation = YES;
				INFOPLIST_KEY_UISupportedInterfaceOrientations_iPad = "UIInterfaceOrientationPortrait UIInterfaceOrientationPortraitUpsideDown UIInterfaceOrientationLandscapeLeft UIInterfaceOrientationLandscapeRight";
				INFOPLIST_KEY_UISupportedInterfaceOrientations_iPhone = "UIInterfaceOrientationPortrait UIInterfaceOrientationLandscapeLeft UIInterfaceOrientationLandscapeRight";
				LD_RUNPATH_SEARCH_PATHS = (
					"$(inherited)",
					"@executable_path/Frameworks",
				);
				MARKETING_VERSION = 1.0;
				PRODUCT_BUNDLE_IDENTIFIER = magzhanzhumaly.OnboardingAezakmi;
				PRODUCT_NAME = "$(TARGET_NAME)";
				SWIFT_EMIT_LOC_STRINGS = YES;
				SWIFT_VERSION = 5.0;
				TARGETED_DEVICE_FAMILY = "1,2";
			};
			name = Release;
		};
/* End XCBuildConfiguration section */

/* Begin XCConfigurationList section */
		566A1C272C2457AF003ED11B /* Build configuration list for PBXProject "OnboardingAezakmi" */ = {
			isa = XCConfigurationList;
			buildConfigurations = (
				566A1C382C2457B1003ED11B /* Debug */,
				566A1C392C2457B1003ED11B /* Release */,
			);
			defaultConfigurationIsVisible = 0;
			defaultConfigurationName = Release;
		};
		566A1C3A2C2457B1003ED11B /* Build configuration list for PBXNativeTarget "OnboardingAezakmi" */ = {
			isa = XCConfigurationList;
			buildConfigurations = (
				566A1C3B2C2457B1003ED11B /* Debug */,
				566A1C3C2C2457B1003ED11B /* Release */,
			);
			defaultConfigurationIsVisible = 0;
			defaultConfigurationName = Release;
		};
/* End XCConfigurationList section */

/* Begin XCRemoteSwiftPackageReference section */
		566A1C5B2C2480E2003ED11B /* XCRemoteSwiftPackageReference "ApphudSDK" */ = {
			isa = XCRemoteSwiftPackageReference;
			repositoryURL = "https://github.com/apphud/ApphudSDK";
			requirement = {
				kind = upToNextMajorVersion;
				minimumVersion = 3.3.8;
			};
		};
/* End XCRemoteSwiftPackageReference section */

/* Begin XCSwiftPackageProductDependency section */
		566A1C5C2C2480E2003ED11B /* ApphudSDK */ = {
			isa = XCSwiftPackageProductDependency;
			package = 566A1C5B2C2480E2003ED11B /* XCRemoteSwiftPackageReference "ApphudSDK" */;
			productName = ApphudSDK;
		};
/* End XCSwiftPackageProductDependency section */
	};
	rootObject = 566A1C242C2457AF003ED11B /* Project object */;
}
